
Microsoft Visual Studio Solution File, Format Version 12.00
# Visual Studio Version 16
VisualStudioVersion = 16.0.29806.167
MinimumVisualStudioVersion = 10.0.40219.1
Project("{2150E333-8FDC-42A3-9474-1A3956D46DE8}") = "Application", "Application", "{06B4E6D2-2A34-475E-806E-A3CBB9B7B580}"
EndProject
Project("{2150E333-8FDC-42A3-9474-1A3956D46DE8}") = "DataAccess", "DataAccess", "{D27B00B4-3B9F-4525-8ED5-0510C1ED19F6}"
EndProject
Project("{2150E333-8FDC-42A3-9474-1A3956D46DE8}") = "Bussiness", "Bussiness", "{51429C45-2F7E-433A-890C-24880727D578}"
EndProject
Project("{2150E333-8FDC-42A3-9474-1A3956D46DE8}") = "Common", "Common", "{8F07F80C-E3A1-4DBB-A8B7-5E63A3481BF8}"
EndProject
Project("{FAE04EC0-301F-11D3-BF4B-00C04F79EFBC}") = "Common", "Common\Common\Common.csproj", "{A6540CB6-4845-4673-81A3-F6E50A9F2E3A}"
EndProject
Project("{FAE04EC0-301F-11D3-BF4B-00C04F79EFBC}") = "DataAccess", "DataAccess\DataAccess\DataAccess.csproj", "{CF4E8C47-95B5-43E6-A3EA-422265B61961}"
EndProject
Project("{FAE04EC0-301F-11D3-BF4B-00C04F79EFBC}") = "Bussiness", "Bussiness\Bussiness\Bussiness.csproj", "{8E9E4B77-48A7-45EF-A96C-2B0BB7582CAE}"
EndProject
Project("{FAE04EC0-301F-11D3-BF4B-00C04F79EFBC}") = "EForm", "Application\EForm\EForm.csproj", "{338B0702-8881-41C1-BDD3-674CB81AB05E}"
EndProject
Project("{FAE04EC0-301F-11D3-BF4B-00C04F79EFBC}") = "Admin", "Admin\Admin.csproj", "{082CE35F-DCDB-4FB0-AE59-36442C79F9E2}"
EndProject
Project("{FAE04EC0-301F-11D3-BF4B-00C04F79EFBC}") = "SyncManager", "SyncManager\SyncManager.csproj", "{EFE8B920-F7A4-49D7-9998-DC7A16A510FE}"
EndProject
Project("{2150E333-8FDC-42A3-9474-1A3956D46DE8}") = "Clients", "Clients", "{ED04B04B-85B2-4772-ABC1-C20A1362A57C}"
EndProject
Project("{FAE04EC0-301F-11D3-BF4B-00C04F79EFBC}") = "Clients", "Clients\Clients.csproj", "{5C70B449-483C-484C-8585-6B53C1C44C12}"
EndProject
Project("{2150E333-8FDC-42A3-9474-1A3956D46DE8}") = "Models", "Models", "{685772ED-E11E-4E98-A28E-FDE24D178853}"
EndProject
Project("{FAE04EC0-301F-11D3-BF4B-00C04F79EFBC}") = "EMRModels", "EMRModels\EMRModels.csproj", "{67102CDD-B820-4720-A9FA-FE0F7BCE26EB}"
EndProject
Project("{2150E333-8FDC-42A3-9474-1A3956D46DE8}") = "Helper", "Helper", "{45829F16-92BB-45E0-A1F4-8DE5878A0197}"
EndProject
Project("{FAE04EC0-301F-11D3-BF4B-00C04F79EFBC}") = "Helper", "Helper\Helper\Helper.csproj", "{3AB5AF97-1B9C-4DE8-812C-A2A1548838CE}"
EndProject
Global
	GlobalSection(SolutionConfigurationPlatforms) = preSolution
		Debug|Any CPU = Debug|Any CPU
		Debug|x64 = Debug|x64
		Debug|x86 = Debug|x86
		Release|Any CPU = Release|Any CPU
		Release|x64 = Release|x64
		Release|x86 = Release|x86
	EndGlobalSection
	GlobalSection(ProjectConfigurationPlatforms) = postSolution
		{A6540CB6-4845-4673-81A3-F6E50A9F2E3A}.Debug|Any CPU.ActiveCfg = Debug|Any CPU
		{A6540CB6-4845-4673-81A3-F6E50A9F2E3A}.Debug|Any CPU.Build.0 = Debug|Any CPU
		{A6540CB6-4845-4673-81A3-F6E50A9F2E3A}.Debug|x64.ActiveCfg = Debug|x64
		{A6540CB6-4845-4673-81A3-F6E50A9F2E3A}.Debug|x64.Build.0 = Debug|x64
		{A6540CB6-4845-4673-81A3-F6E50A9F2E3A}.Debug|x86.ActiveCfg = Debug|Any CPU
		{A6540CB6-4845-4673-81A3-F6E50A9F2E3A}.Debug|x86.Build.0 = Debug|Any CPU
		{A6540CB6-4845-4673-81A3-F6E50A9F2E3A}.Release|Any CPU.ActiveCfg = Release|Any CPU
		{A6540CB6-4845-4673-81A3-F6E50A9F2E3A}.Release|Any CPU.Build.0 = Release|Any CPU
		{A6540CB6-4845-4673-81A3-F6E50A9F2E3A}.Release|x64.ActiveCfg = Release|x64
		{A6540CB6-4845-4673-81A3-F6E50A9F2E3A}.Release|x64.Build.0 = Release|x64
		{A6540CB6-4845-4673-81A3-F6E50A9F2E3A}.Release|x86.ActiveCfg = Release|Any CPU
		{A6540CB6-4845-4673-81A3-F6E50A9F2E3A}.Release|x86.Build.0 = Release|Any CPU
		{CF4E8C47-95B5-43E6-A3EA-422265B61961}.Debug|Any CPU.ActiveCfg = Debug|Any CPU
		{CF4E8C47-95B5-43E6-A3EA-422265B61961}.Debug|Any CPU.Build.0 = Debug|Any CPU
		{CF4E8C47-95B5-43E6-A3EA-422265B61961}.Debug|x64.ActiveCfg = Debug|x64
		{CF4E8C47-95B5-43E6-A3EA-422265B61961}.Debug|x64.Build.0 = Debug|x64
		{CF4E8C47-95B5-43E6-A3EA-422265B61961}.Debug|x86.ActiveCfg = Debug|Any CPU
		{CF4E8C47-95B5-43E6-A3EA-422265B61961}.Debug|x86.Build.0 = Debug|Any CPU
		{CF4E8C47-95B5-43E6-A3EA-422265B61961}.Release|Any CPU.ActiveCfg = Release|Any CPU
		{CF4E8C47-95B5-43E6-A3EA-422265B61961}.Release|Any CPU.Build.0 = Release|Any CPU
		{CF4E8C47-95B5-43E6-A3EA-422265B61961}.Release|x64.ActiveCfg = Release|x64
		{CF4E8C47-95B5-43E6-A3EA-422265B61961}.Release|x64.Build.0 = Release|x64
		{CF4E8C47-95B5-43E6-A3EA-422265B61961}.Release|x86.ActiveCfg = Release|Any CPU
		{CF4E8C47-95B5-43E6-A3EA-422265B61961}.Release|x86.Build.0 = Release|Any CPU
		{8E9E4B77-48A7-45EF-A96C-2B0BB7582CAE}.Debug|Any CPU.ActiveCfg = Debug|Any CPU
		{8E9E4B77-48A7-45EF-A96C-2B0BB7582CAE}.Debug|Any CPU.Build.0 = Debug|Any CPU
		{8E9E4B77-48A7-45EF-A96C-2B0BB7582CAE}.Debug|x64.ActiveCfg = Debug|x64
		{8E9E4B77-48A7-45EF-A96C-2B0BB7582CAE}.Debug|x64.Build.0 = Debug|x64
		{8E9E4B77-48A7-45EF-A96C-2B0BB7582CAE}.Debug|x86.ActiveCfg = Debug|Any CPU
		{8E9E4B77-48A7-45EF-A96C-2B0BB7582CAE}.Debug|x86.Build.0 = Debug|Any CPU
		{8E9E4B77-48A7-45EF-A96C-2B0BB7582CAE}.Release|Any CPU.ActiveCfg = Release|Any CPU
		{8E9E4B77-48A7-45EF-A96C-2B0BB7582CAE}.Release|Any CPU.Build.0 = Release|Any CPU
		{8E9E4B77-48A7-45EF-A96C-2B0BB7582CAE}.Release|x64.ActiveCfg = Release|x64
		{8E9E4B77-48A7-45EF-A96C-2B0BB7582CAE}.Release|x64.Build.0 = Release|x64
		{8E9E4B77-48A7-45EF-A96C-2B0BB7582CAE}.Release|x86.ActiveCfg = Release|Any CPU
		{8E9E4B77-48A7-45EF-A96C-2B0BB7582CAE}.Release|x86.Build.0 = Release|Any CPU
		{338B0702-8881-41C1-BDD3-674CB81AB05E}.Debug|Any CPU.ActiveCfg = Debug|Any CPU
		{338B0702-8881-41C1-BDD3-674CB81AB05E}.Debug|Any CPU.Build.0 = Debug|Any CPU
		{338B0702-8881-41C1-BDD3-674CB81AB05E}.Debug|x64.ActiveCfg = Debug|x64
		{338B0702-8881-41C1-BDD3-674CB81AB05E}.Debug|x64.Build.0 = Debug|x64
		{338B0702-8881-41C1-BDD3-674CB81AB05E}.Debug|x86.ActiveCfg = Debug|Any CPU
		{338B0702-8881-41C1-BDD3-674CB81AB05E}.Debug|x86.Build.0 = Debug|Any CPU
		{338B0702-8881-41C1-BDD3-674CB81AB05E}.Release|Any CPU.ActiveCfg = Release|Any CPU
		{338B0702-8881-41C1-BDD3-674CB81AB05E}.Release|Any CPU.Build.0 = Release|Any CPU
		{338B0702-8881-41C1-BDD3-674CB81AB05E}.Release|x64.ActiveCfg = Release|x64
		{338B0702-8881-41C1-BDD3-674CB81AB05E}.Release|x64.Build.0 = Release|x64
		{338B0702-8881-41C1-BDD3-674CB81AB05E}.Release|x86.ActiveCfg = Release|Any CPU
		{338B0702-8881-41C1-BDD3-674CB81AB05E}.Release|x86.Build.0 = Release|Any CPU
		{082CE35F-DCDB-4FB0-AE59-36442C79F9E2}.Debug|Any CPU.ActiveCfg = Debug|Any CPU
		{082CE35F-DCDB-4FB0-AE59-36442C79F9E2}.Debug|Any CPU.Build.0 = Debug|Any CPU
		{082CE35F-DCDB-4FB0-AE59-36442C79F9E2}.Debug|x64.ActiveCfg = Debug|x64
		{082CE35F-DCDB-4FB0-AE59-36442C79F9E2}.Debug|x64.Build.0 = Debug|x64
		{082CE35F-DCDB-4FB0-AE59-36442C79F9E2}.Debug|x86.ActiveCfg = Debug|x86
		{082CE35F-DCDB-4FB0-AE59-36442C79F9E2}.Debug|x86.Build.0 = Debug|x86
		{082CE35F-DCDB-4FB0-AE59-36442C79F9E2}.Release|Any CPU.ActiveCfg = Release|Any CPU
		{082CE35F-DCDB-4FB0-AE59-36442C79F9E2}.Release|Any CPU.Build.0 = Release|Any CPU
		{082CE35F-DCDB-4FB0-AE59-36442C79F9E2}.Release|x64.ActiveCfg = Release|x64
		{082CE35F-DCDB-4FB0-AE59-36442C79F9E2}.Release|x64.Build.0 = Release|x64
		{082CE35F-DCDB-4FB0-AE59-36442C79F9E2}.Release|x86.ActiveCfg = Release|x86
		{082CE35F-DCDB-4FB0-AE59-36442C79F9E2}.Release|x86.Build.0 = Release|x86
		{EFE8B920-F7A4-49D7-9998-DC7A16A510FE}.Debug|Any CPU.ActiveCfg = Debug|Any CPU
		{EFE8B920-F7A4-49D7-9998-DC7A16A510FE}.Debug|Any CPU.Build.0 = Debug|Any CPU
		{EFE8B920-F7A4-49D7-9998-DC7A16A510FE}.Debug|x64.ActiveCfg = Debug|Any CPU
		{EFE8B920-F7A4-49D7-9998-DC7A16A510FE}.Debug|x64.Build.0 = Debug|Any CPU
		{EFE8B920-F7A4-49D7-9998-DC7A16A510FE}.Debug|x86.ActiveCfg = Debug|Any CPU
		{EFE8B920-F7A4-49D7-9998-DC7A16A510FE}.Debug|x86.Build.0 = Debug|Any CPU
		{EFE8B920-F7A4-49D7-9998-DC7A16A510FE}.Release|Any CPU.ActiveCfg = Release|Any CPU
		{EFE8B920-F7A4-49D7-9998-DC7A16A510FE}.Release|Any CPU.Build.0 = Release|Any CPU
		{EFE8B920-F7A4-49D7-9998-DC7A16A510FE}.Release|x64.ActiveCfg = Release|Any CPU
		{EFE8B920-F7A4-49D7-9998-DC7A16A510FE}.Release|x64.Build.0 = Release|Any CPU
		{EFE8B920-F7A4-49D7-9998-DC7A16A510FE}.Release|x86.ActiveCfg = Release|Any CPU
		{EFE8B920-F7A4-49D7-9998-DC7A16A510FE}.Release|x86.Build.0 = Release|Any CPU
		{5C70B449-483C-484C-8585-6B53C1C44C12}.Debug|Any CPU.ActiveCfg = Debug|Any CPU
		{5C70B449-483C-484C-8585-6B53C1C44C12}.Debug|Any CPU.Build.0 = Debug|Any CPU
		{5C70B449-483C-484C-8585-6B53C1C44C12}.Debug|x64.ActiveCfg = Debug|x64
		{5C70B449-483C-484C-8585-6B53C1C44C12}.Debug|x64.Build.0 = Debug|x64
		{5C70B449-483C-484C-8585-6B53C1C44C12}.Debug|x86.ActiveCfg = Debug|Any CPU
		{5C70B449-483C-484C-8585-6B53C1C44C12}.Debug|x86.Build.0 = Debug|Any CPU
		{5C70B449-483C-484C-8585-6B53C1C44C12}.Release|Any CPU.ActiveCfg = Release|Any CPU
		{5C70B449-483C-484C-8585-6B53C1C44C12}.Release|Any CPU.Build.0 = Release|Any CPU
		{5C70B449-483C-484C-8585-6B53C1C44C12}.Release|x64.ActiveCfg = Release|x64
		{5C70B449-483C-484C-8585-6B53C1C44C12}.Release|x64.Build.0 = Release|x64
		{5C70B449-483C-484C-8585-6B53C1C44C12}.Release|x86.ActiveCfg = Release|Any CPU
		{5C70B449-483C-484C-8585-6B53C1C44C12}.Release|x86.Build.0 = Release|Any CPU
		{67102CDD-B820-4720-A9FA-FE0F7BCE26EB}.Debug|Any CPU.ActiveCfg = Debug|Any CPU
		{67102CDD-B820-4720-A9FA-FE0F7BCE26EB}.Debug|Any CPU.Build.0 = Debug|Any CPU
		{67102CDD-B820-4720-A9FA-FE0F7BCE26EB}.Debug|x64.ActiveCfg = Debug|x64
		{67102CDD-B820-4720-A9FA-FE0F7BCE26EB}.Debug|x64.Build.0 = Debug|x64
		{67102CDD-B820-4720-A9FA-FE0F7BCE26EB}.Debug|x86.ActiveCfg = Debug|Any CPU
		{67102CDD-B820-4720-A9FA-FE0F7BCE26EB}.Debug|x86.Build.0 = Debug|Any CPU
		{67102CDD-B820-4720-A9FA-FE0F7BCE26EB}.Release|Any CPU.ActiveCfg = Release|Any CPU
		{67102CDD-B820-4720-A9FA-FE0F7BCE26EB}.Release|Any CPU.Build.0 = Release|Any CPU
		{67102CDD-B820-4720-A9FA-FE0F7BCE26EB}.Release|x64.ActiveCfg = Release|x64
		{67102CDD-B820-4720-A9FA-FE0F7BCE26EB}.Release|x64.Build.0 = Release|x64
		{67102CDD-B820-4720-A9FA-FE0F7BCE26EB}.Release|x86.ActiveCfg = Release|Any CPU
		{67102CDD-B820-4720-A9FA-FE0F7BCE26EB}.Release|x86.Build.0 = Release|Any CPU
		{3AB5AF97-1B9C-4DE8-812C-A2A1548838CE}.Debug|Any CPU.ActiveCfg = Debug|Any CPU
		{3AB5AF97-1B9C-4DE8-812C-A2A1548838CE}.Debug|Any CPU.Build.0 = Debug|Any CPU
		{3AB5AF97-1B9C-4DE8-812C-A2A1548838CE}.Debug|x64.ActiveCfg = Debug|x64
		{3AB5AF97-1B9C-4DE8-812C-A2A1548838CE}.Debug|x64.Build.0 = Debug|x64
		{3AB5AF97-1B9C-4DE8-812C-A2A1548838CE}.Debug|x86.ActiveCfg = Debug|Any CPU
		{3AB5AF97-1B9C-4DE8-812C-A2A1548838CE}.Debug|x86.Build.0 = Debug|Any CPU
		{3AB5AF97-1B9C-4DE8-812C-A2A1548838CE}.Release|Any CPU.ActiveCfg = Release|Any CPU
		{3AB5AF97-1B9C-4DE8-812C-A2A1548838CE}.Release|Any CPU.Build.0 = Release|Any CPU
		{3AB5AF97-1B9C-4DE8-812C-A2A1548838CE}.Release|x64.ActiveCfg = Release|x64
		{3AB5AF97-1B9C-4DE8-812C-A2A1548838CE}.Release|x64.Build.0 = Release|x64
		{3AB5AF97-1B9C-4DE8-812C-A2A1548838CE}.Release|x86.ActiveCfg = Release|Any CPU
		{3AB5AF97-1B9C-4DE8-812C-A2A1548838CE}.Release|x86.Build.0 = Release|Any CPU
	EndGlobalSection
	GlobalSection(SolutionProperties) = preSolution
		HideSolutionNode = FALSE
	EndGlobalSection
	GlobalSection(NestedProjects) = preSolution
		{A6540CB6-4845-4673-81A3-F6E50A9F2E3A} = {8F07F80C-E3A1-4DBB-A8B7-5E63A3481BF8}
		{CF4E8C47-95B5-43E6-A3EA-422265B61961} = {D27B00B4-3B9F-4525-8ED5-0510C1ED19F6}
		{8E9E4B77-48A7-45EF-A96C-2B0BB7582CAE} = {51429C45-2F7E-433A-890C-24880727D578}
		{338B0702-8881-41C1-BDD3-674CB81AB05E} = {06B4E6D2-2A34-475E-806E-A3CBB9B7B580}
		{082CE35F-DCDB-4FB0-AE59-36442C79F9E2} = {06B4E6D2-2A34-475E-806E-A3CBB9B7B580}
		{EFE8B920-F7A4-49D7-9998-DC7A16A510FE} = {06B4E6D2-2A34-475E-806E-A3CBB9B7B580}
		{5C70B449-483C-484C-8585-6B53C1C44C12} = {ED04B04B-85B2-4772-ABC1-C20A1362A57C}
		{67102CDD-B820-4720-A9FA-FE0F7BCE26EB} = {685772ED-E11E-4E98-A28E-FDE24D178853}
		{3AB5AF97-1B9C-4DE8-812C-A2A1548838CE} = {45829F16-92BB-45E0-A1F4-8DE5878A0197}
	EndGlobalSection
	GlobalSection(ExtensibilityGlobals) = postSolution
		SolutionGuid = {F7D6631C-960D-4973-8750-6729CE9E75AF}
	EndGlobalSection
EndGlobal
